// !$*UTF8*$!
{
	archiveVersion = 1;
	classes = {
	};
	objectVersion = 50;
	objects = {

/* Begin PBXBuildFile section */
		8F643CAB282DB2BA001D0CB7 /* README.md in Resources */ = {isa = PBXBuildFile; fileRef = 8F643CAA282DB2BA001D0CB7 /* README.md */; };
		8F643CC0282DFFD0001D0CB7 /* SimulatorScreenShot_iPad_Pro_4.png in Resources */ = {isa = PBXBuildFile; fileRef = 8F643CBB282DFFD0001D0CB7 /* SimulatorScreenShot_iPad_Pro_4.png */; };
		8F643CC1282DFFD0001D0CB7 /* SimulatorScreenShot_iPad_Pro_5.png in Resources */ = {isa = PBXBuildFile; fileRef = 8F643CBC282DFFD0001D0CB7 /* SimulatorScreenShot_iPad_Pro_5.png */; };
		8F643CC2282DFFD0001D0CB7 /* SimulatorScreenShot_iPhone_12Pro_2.png in Resources */ = {isa = PBXBuildFile; fileRef = 8F643CBD282DFFD0001D0CB7 /* SimulatorScreenShot_iPhone_12Pro_2.png */; };
		8F643CC3282DFFD0001D0CB7 /* SimulatorScreenShot_iPhone_12Pro_3.png in Resources */ = {isa = PBXBuildFile; fileRef = 8F643CBE282DFFD0001D0CB7 /* SimulatorScreenShot_iPhone_12Pro_3.png */; };
		8F643CC4282DFFD0001D0CB7 /* SimulatorScreenShot_iPhone_12Pro_1.png in Resources */ = {isa = PBXBuildFile; fileRef = 8F643CBF282DFFD0001D0CB7 /* SimulatorScreenShot_iPhone_12Pro_1.png */; };
		8FA95EE5277185F400AC385D /* CalculatorBrain.swift in Sources */ = {isa = PBXBuildFile; fileRef = 8FA95EE4277185F400AC385D /* CalculatorBrain.swift */; };
		8FEC6FE0275EB4B4000E6BF4 /* AppDelegate.swift in Sources */ = {isa = PBXBuildFile; fileRef = 8FEC6FDF275EB4B4000E6BF4 /* AppDelegate.swift */; };
		8FEC6FE2275EB4B4000E6BF4 /* SceneDelegate.swift in Sources */ = {isa = PBXBuildFile; fileRef = 8FEC6FE1275EB4B4000E6BF4 /* SceneDelegate.swift */; };
		8FEC6FE4275EB4B4000E6BF4 /* ViewController.swift in Sources */ = {isa = PBXBuildFile; fileRef = 8FEC6FE3275EB4B4000E6BF4 /* ViewController.swift */; };
		8FEC6FE7275EB4B4000E6BF4 /* Main.storyboard in Resources */ = {isa = PBXBuildFile; fileRef = 8FEC6FE5275EB4B4000E6BF4 /* Main.storyboard */; };
		8FEC6FE9275EB4B8000E6BF4 /* Assets.xcassets in Resources */ = {isa = PBXBuildFile; fileRef = 8FEC6FE8275EB4B8000E6BF4 /* Assets.xcassets */; };
		8FEC6FEC275EB4B8000E6BF4 /* LaunchScreen.storyboard in Resources */ = {isa = PBXBuildFile; fileRef = 8FEC6FEA275EB4B8000E6BF4 /* LaunchScreen.storyboard */; };
/* End PBXBuildFile section */

/* Begin PBXFileReference section */
		8F643CAA282DB2BA001D0CB7 /* README.md */ = {isa = PBXFileReference; lastKnownFileType = net.daringfireball.markdown; path = README.md; sourceTree = "<group>"; };
		8F643CBB282DFFD0001D0CB7 /* SimulatorScreenShot_iPad_Pro_4.png */ = {isa = PBXFileReference; lastKnownFileType = image.png; path = SimulatorScreenShot_iPad_Pro_4.png; sourceTree = "<group>"; };
		8F643CBC282DFFD0001D0CB7 /* SimulatorScreenShot_iPad_Pro_5.png */ = {isa = PBXFileReference; lastKnownFileType = image.png; path = SimulatorScreenShot_iPad_Pro_5.png; sourceTree = "<group>"; };
		8F643CBD282DFFD0001D0CB7 /* SimulatorScreenShot_iPhone_12Pro_2.png */ = {isa = PBXFileReference; lastKnownFileType = image.png; path = SimulatorScreenShot_iPhone_12Pro_2.png; sourceTree = "<group>"; };
		8F643CBE282DFFD0001D0CB7 /* SimulatorScreenShot_iPhone_12Pro_3.png */ = {isa = PBXFileReference; lastKnownFileType = image.png; path = SimulatorScreenShot_iPhone_12Pro_3.png; sourceTree = "<group>"; };
		8F643CBF282DFFD0001D0CB7 /* SimulatorScreenShot_iPhone_12Pro_1.png */ = {isa = PBXFileReference; lastKnownFileType = image.png; path = SimulatorScreenShot_iPhone_12Pro_1.png; sourceTree = "<group>"; };
		8FA95EE4277185F400AC385D /* CalculatorBrain.swift */ = {isa = PBXFileReference; lastKnownFileType = sourcecode.swift; path = CalculatorBrain.swift; sourceTree = "<group>"; };
		8FEC6FDC275EB4B4000E6BF4 /* Calculator.app */ = {isa = PBXFileReference; explicitFileType = wrapper.application; includeInIndex = 0; path = Calculator.app; sourceTree = BUILT_PRODUCTS_DIR; };
		8FEC6FDF275EB4B4000E6BF4 /* AppDelegate.swift */ = {isa = PBXFileReference; lastKnownFileType = sourcecode.swift; path = AppDelegate.swift; sourceTree = "<group>"; };
		8FEC6FE1275EB4B4000E6BF4 /* SceneDelegate.swift */ = {isa = PBXFileReference; lastKnownFileType = sourcecode.swift; path = SceneDelegate.swift; sourceTree = "<group>"; };
		8FEC6FE3275EB4B4000E6BF4 /* ViewController.swift */ = {isa = PBXFileReference; lastKnownFileType = sourcecode.swift; path = ViewController.swift; sourceTree = "<group>"; };
		8FEC6FE6275EB4B4000E6BF4 /* Base */ = {isa = PBXFileReference; lastKnownFileType = file.storyboard; name = Base; path = Base.lproj/Main.storyboard; sourceTree = "<group>"; };
		8FEC6FE8275EB4B8000E6BF4 /* Assets.xcassets */ = {isa = PBXFileReference; lastKnownFileType = folder.assetcatalog; path = Assets.xcassets; sourceTree = "<group>"; };
		8FEC6FEB275EB4B8000E6BF4 /* Base */ = {isa = PBXFileReference; lastKnownFileType = file.storyboard; name = Base; path = Base.lproj/LaunchScreen.storyboard; sourceTree = "<group>"; };
		8FEC6FED275EB4B8000E6BF4 /* Info.plist */ = {isa = PBXFileReference; lastKnownFileType = text.plist.xml; path = Info.plist; sourceTree = "<group>"; };
/* End PBXFileReference section */

/* Begin PBXFrameworksBuildPhase section */
		8FEC6FD9275EB4B4000E6BF4 /* Frameworks */ = {
			isa = PBXFrameworksBuildPhase;
			buildActionMask = 2147483647;
			files = (
			);
			runOnlyForDeploymentPostprocessing = 0;
		};
/* End PBXFrameworksBuildPhase section */

/* Begin PBXGroup section */
		8F643CBA282DFFD0001D0CB7 /* Screenshots */ = {
			isa = PBXGroup;
			children = (
				8F643CBB282DFFD0001D0CB7 /* SimulatorScreenShot_iPad_Pro_4.png */,
				8F643CBC282DFFD0001D0CB7 /* SimulatorScreenShot_iPad_Pro_5.png */,
				8F643CBD282DFFD0001D0CB7 /* SimulatorScreenShot_iPhone_12Pro_2.png */,
				8F643CBE282DFFD0001D0CB7 /* SimulatorScreenShot_iPhone_12Pro_3.png */,
				8F643CBF282DFFD0001D0CB7 /* SimulatorScreenShot_iPhone_12Pro_1.png */,
			);
			path = Screenshots;
			sourceTree = "<group>";
		};
		8FEC6FD3275EB4B4000E6BF4 = {
			isa = PBXGroup;
			children = (
				8F643CAA282DB2BA001D0CB7 /* README.md */,
				8F643CBA282DFFD0001D0CB7 /* Screenshots */,
				8FEC6FDE275EB4B4000E6BF4 /* Calculator */,
				8FEC6FDD275EB4B4000E6BF4 /* Products */,
			);
			sourceTree = "<group>";
		};
		8FEC6FDD275EB4B4000E6BF4 /* Products */ = {
			isa = PBXGroup;
			children = (
				8FEC6FDC275EB4B4000E6BF4 /* Calculator.app */,
			);
			name = Products;
			sourceTree = "<group>";
		};
		8FEC6FDE275EB4B4000E6BF4 /* Calculator */ = {
			isa = PBXGroup;
			children = (
				8FA95EE4277185F400AC385D /* CalculatorBrain.swift */,
				8FEC6FE3275EB4B4000E6BF4 /* ViewController.swift */,
				8FEC6FE5275EB4B4000E6BF4 /* Main.storyboard */,
				8FEC6FE8275EB4B8000E6BF4 /* Assets.xcassets */,
				8FEC6FEA275EB4B8000E6BF4 /* LaunchScreen.storyboard */,
				8FEC6FDF275EB4B4000E6BF4 /* AppDelegate.swift */,
				8FEC6FE1275EB4B4000E6BF4 /* SceneDelegate.swift */,
				8FEC6FED275EB4B8000E6BF4 /* Info.plist */,
			);
			path = Calculator;
			sourceTree = "<group>";
		};
/* End PBXGroup section */

/* Begin PBXNativeTarget section */
		8FEC6FDB275EB4B4000E6BF4 /* Calculator */ = {
			isa = PBXNativeTarget;
			buildConfigurationList = 8FEC6FF0275EB4B8000E6BF4 /* Build configuration list for PBXNativeTarget "Calculator" */;
			buildPhases = (
				8FEC6FD8275EB4B4000E6BF4 /* Sources */,
				8FEC6FD9275EB4B4000E6BF4 /* Frameworks */,
				8FEC6FDA275EB4B4000E6BF4 /* Resources */,
			);
			buildRules = (
			);
			dependencies = (
			);
			name = Calculator;
			productName = Calculator;
			productReference = 8FEC6FDC275EB4B4000E6BF4 /* Calculator.app */;
			productType = "com.apple.product-type.application";
		};
/* End PBXNativeTarget section */

/* Begin PBXProject section */
		8FEC6FD4275EB4B4000E6BF4 /* Project object */ = {
			isa = PBXProject;
			attributes = {
				LastSwiftUpdateCheck = 1240;
				LastUpgradeCheck = 1240;
				TargetAttributes = {
					8FEC6FDB275EB4B4000E6BF4 = {
						CreatedOnToolsVersion = 12.4;
					};
				};
			};
			buildConfigurationList = 8FEC6FD7275EB4B4000E6BF4 /* Build configuration list for PBXProject "Calculator" */;
			compatibilityVersion = "Xcode 9.3";
			developmentRegion = en;
			hasScannedForEncodings = 0;
			knownRegions = (
				en,
				Base,
			);
			mainGroup = 8FEC6FD3275EB4B4000E6BF4;
			productRefGroup = 8FEC6FDD275EB4B4000E6BF4 /* Products */;
			projectDirPath = "";
			projectRoot = "";
			targets = (
				8FEC6FDB275EB4B4000E6BF4 /* Calculator */,
			);
		};
/* End PBXProject section */

/* Begin PBXResourcesBuildPhase section */
		8FEC6FDA275EB4B4000E6BF4 /* Resources */ = {
			isa = PBXResourcesBuildPhase;
			buildActionMask = 2147483647;
			files = (
				8F643CC2282DFFD0001D0CB7 /* SimulatorScreenShot_iPhone_12Pro_2.png in Resources */,
				8FEC6FEC275EB4B8000E6BF4 /* LaunchScreen.storyboard in Resources */,
				8FEC6FE9275EB4B8000E6BF4 /* Assets.xcassets in Resources */,
				8F643CAB282DB2BA001D0CB7 /* README.md in Resources */,
				8FEC6FE7275EB4B4000E6BF4 /* Main.storyboard in Resources */,
				8F643CC1282DFFD0001D0CB7 /* SimulatorScreenShot_iPad_Pro_5.png in Resources */,
				8F643CC3282DFFD0001D0CB7 /* SimulatorScreenShot_iPhone_12Pro_3.png in Resources */,
				8F643CC0282DFFD0001D0CB7 /* SimulatorScreenShot_iPad_Pro_4.png in Resources */,
				8F643CC4282DFFD0001D0CB7 /* SimulatorScreenShot_iPhone_12Pro_1.png in Resources */,
			);
			runOnlyForDeploymentPostprocessing = 0;
		};
/* End PBXResourcesBuildPhase section */

/* Begin PBXSourcesBuildPhase section */
		8FEC6FD8275EB4B4000E6BF4 /* Sources */ = {
			isa = PBXSourcesBuildPhase;
			buildActionMask = 2147483647;
			files = (
				8FEC6FE4275EB4B4000E6BF4 /* ViewController.swift in Sources */,
				8FA95EE5277185F400AC385D /* CalculatorBrain.swift in Sources */,
				8FEC6FE0275EB4B4000E6BF4 /* AppDelegate.swift in Sources */,
				8FEC6FE2275EB4B4000E6BF4 /* SceneDelegate.swift in Sources */,
			);
			runOnlyForDeploymentPostprocessing = 0;
		};
/* End PBXSourcesBuildPhase section */

/* Begin PBXVariantGroup section */
		8FEC6FE5275EB4B4000E6BF4 /* Main.storyboard */ = {
			isa = PBXVariantGroup;
			children = (
				8FEC6FE6275EB4B4000E6BF4 /* Base */,
			);
			name = Main.storyboard;
			sourceTree = "<group>";
		};
		8FEC6FEA275EB4B8000E6BF4 /* LaunchScreen.storyboard */ = {
			isa = PBXVariantGroup;
			children = (
				8FEC6FEB275EB4B8000E6BF4 /* Base */,
			);
			name = LaunchScreen.storyboard;
			sourceTree = "<group>";
		};
/* End PBXVariantGroup section */

/* Begin XCBuildConfiguration section */
		8FEC6FEE275EB4B8000E6BF4 /* Debug */ = {
			isa = XCBuildConfiguration;
			buildSettings = {
				ALWAYS_SEARCH_USER_PATHS = NO;
				CLANG_ANALYZER_NONNULL = YES;
				CLANG_ANALYZER_NUMBER_OBJECT_CONVERSION = YES_AGGRESSIVE;
				CLANG_CXX_LANGUAGE_STANDARD = "gnu++14";
				CLANG_CXX_LIBRARY = "libc++";
				CLANG_ENABLE_MODULES = YES;
				CLANG_ENABLE_OBJC_ARC = YES;
				CLANG_ENABLE_OBJC_WEAK = YES;
				CLANG_WARN_BLOCK_CAPTURE_AUTORELEASING = YES;
				CLANG_WARN_BOOL_CONVERSION = YES;
				CLANG_WARN_COMMA = YES;
				CLANG_WARN_CONSTANT_CONVERSION = YES;
				CLANG_WARN_DEPRECATED_OBJC_IMPLEMENTATIONS = YES;
				CLANG_WARN_DIRECT_OBJC_ISA_USAGE = YES_ERROR;
				CLANG_WARN_DOCUMENTATION_COMMENTS = YES;
				CLANG_WARN_EMPTY_BODY = YES;
				CLANG_WARN_ENUM_CONVERSION = YES;
				CLANG_WARN_INFINITE_RECURSION = YES;
				CLANG_WARN_INT_CONVERSION = YES;
				CLANG_WARN_NON_LITERAL_NULL_CONVERSION = YES;
				CLANG_WARN_OBJC_IMPLICIT_RETAIN_SELF = YES;
				CLANG_WARN_OBJC_LITERAL_CONVERSION = YES;
				CLANG_WARN_OBJC_ROOT_CLASS = YES_ERROR;
				CLANG_WARN_QUOTED_INCLUDE_IN_FRAMEWORK_HEADER = YES;
				CLANG_WARN_RANGE_LOOP_ANALYSIS = YES;
				CLANG_WARN_STRICT_PROTOTYPES = YES;
				CLANG_WARN_SUSPICIOUS_MOVE = YES;
				CLANG_WARN_UNGUARDED_AVAILABILITY = YES_AGGRESSIVE;
				CLANG_WARN_UNREACHABLE_CODE = YES;
				CLANG_WARN__DUPLICATE_METHOD_MATCH = YES;
				COPY_PHASE_STRIP = NO;
				DEBUG_INFORMATION_FORMAT = dwarf;
				ENABLE_STRICT_OBJC_MSGSEND = YES;
				ENABLE_TESTABILITY = YES;
				GCC_C_LANGUAGE_STANDARD = gnu11;
				GCC_DYNAMIC_NO_PIC = NO;
				GCC_NO_COMMON_BLOCKS = YES;
				GCC_OPTIMIZATION_LEVEL = 0;
				GCC_PREPROCESSOR_DEFINITIONS = (
					"DEBUG=1",
					"$(inherited)",
				);
				GCC_WARN_64_TO_32_BIT_CONVERSION = YES;
				GCC_WARN_ABOUT_RETURN_TYPE = YES_ERROR;
				GCC_WARN_UNDECLARED_SELECTOR = YES;
				GCC_WARN_UNINITIALIZED_AUTOS = YES_AGGRESSIVE;
				GCC_WARN_UNUSED_FUNCTION = YES;
				GCC_WARN_UNUSED_VARIABLE = YES;
				IPHONEOS_DEPLOYMENT_TARGET = 14.4;
				MTL_ENABLE_DEBUG_INFO = INCLUDE_SOURCE;
				MTL_FAST_MATH = YES;
				ONLY_ACTIVE_ARCH = YES;
				SDKROOT = iphoneos;
				SWIFT_ACTIVE_COMPILATION_CONDITIONS = DEBUG;
				SWIFT_OPTIMIZATION_LEVEL = "-Onone";
			};
			name = Debug;
		};
		8FEC6FEF275EB4B8000E6BF4 /* Release */ = {
			isa = XCBuildConfiguration;
			buildSettings = {
				ALWAYS_SEARCH_USER_PATHS = NO;
				CLANG_ANALYZER_NONNULL = YES;
				CLANG_ANALYZER_NUMBER_OBJECT_CONVERSION = YES_AGGRESSIVE;
				CLANG_CXX_LANGUAGE_STANDARD = "gnu++14";
				CLANG_CXX_LIBRARY = "libc++";
				CLANG_ENABLE_MODULES = YES;
				CLANG_ENABLE_OBJC_ARC = YES;
				CLANG_ENABLE_OBJC_WEAK = YES;
				CLANG_WARN_BLOCK_CAPTURE_AUTORELEASING = YES;
				CLANG_WARN_BOOL_CONVERSION = YES;
				CLANG_WARN_COMMA = YES;
				CLANG_WARN_CONSTANT_CONVERSION = YES;
				CLANG_WARN_DEPRECATED_OBJC_IMPLEMENTATIONS = YES;
				CLANG_WARN_DIRECT_OBJC_ISA_USAGE = YES_ERROR;
				CLANG_WARN_DOCUMENTATION_COMMENTS = YES;
				CLANG_WARN_EMPTY_BODY = YES;
				CLANG_WARN_ENUM_CONVERSION = YES;
				CLANG_WARN_INFINITE_RECURSION = YES;
				CLANG_WARN_INT_CONVERSION = YES;
				CLANG_WARN_NON_LITERAL_NULL_CONVERSION = YES;
				CLANG_WARN_OBJC_IMPLICIT_RETAIN_SELF = YES;
				CLANG_WARN_OBJC_LITERAL_CONVERSION = YES;
				CLANG_WARN_OBJC_ROOT_CLASS = YES_ERROR;
				CLANG_WARN_QUOTED_INCLUDE_IN_FRAMEWORK_HEADER = YES;
				CLANG_WARN_RANGE_LOOP_ANALYSIS = YES;
				CLANG_WARN_STRICT_PROTOTYPES = YES;
				CLANG_WARN_SUSPICIOUS_MOVE = YES;
				CLANG_WARN_UNGUARDED_AVAILABILITY = YES_AGGRESSIVE;
				CLANG_WARN_UNREACHABLE_CODE = YES;
				CLANG_WARN__DUPLICATE_METHOD_MATCH = YES;
				COPY_PHASE_STRIP = NO;
				DEBUG_INFORMATION_FORMAT = "dwarf-with-dsym";
				ENABLE_NS_ASSERTIONS = NO;
				ENABLE_STRICT_OBJC_MSGSEND = YES;
				GCC_C_LANGUAGE_STANDARD = gnu11;
				GCC_NO_COMMON_BLOCKS = YES;
				GCC_WARN_64_TO_32_BIT_CONVERSION = YES;
				GCC_WARN_ABOUT_RETURN_TYPE = YES_ERROR;
				GCC_WARN_UNDECLARED_SELECTOR = YES;
				GCC_WARN_UNINITIALIZED_AUTOS = YES_AGGRESSIVE;
				GCC_WARN_UNUSED_FUNCTION = YES;
				GCC_WARN_UNUSED_VARIABLE = YES;
				IPHONEOS_DEPLOYMENT_TARGET = 14.4;
				MTL_ENABLE_DEBUG_INFO = NO;
				MTL_FAST_MATH = YES;
				SDKROOT = iphoneos;
				SWIFT_COMPILATION_MODE = wholemodule;
				SWIFT_OPTIMIZATION_LEVEL = "-O";
				VALIDATE_PRODUCT = YES;
			};
			name = Release;
		};
		8FEC6FF1275EB4B8000E6BF4 /* Debug */ = {
			isa = XCBuildConfiguration;
			buildSettings = {
				ASSETCATALOG_COMPILER_APPICON_NAME = AppIcon;
				ASSETCATALOG_COMPILER_GLOBAL_ACCENT_COLOR_NAME = AccentColor;
				CODE_SIGN_STYLE = Automatic;
				INFOPLIST_FILE = Calculator/Info.plist;
				LD_RUNPATH_SEARCH_PATHS = (
					"$(inherited)",
					"@executable_path/Frameworks",
				);
				PRODUCT_BUNDLE_IDENTIFIER = com.Calc.omi.Calculator;
				PRODUCT_NAME = "$(TARGET_NAME)";
				SWIFT_VERSION = 5.0;
				TARGETED_DEVICE_FAMILY = "1,2";
			};
			name = Debug;
		};
		8FEC6FF2275EB4B8000E6BF4 /* Release */ = {
			isa = XCBuildConfiguration;
			buildSettings = {
				ASSETCATALOG_COMPILER_APPICON_NAME = AppIcon;
				ASSETCATALOG_COMPILER_GLOBAL_ACCENT_COLOR_NAME = AccentColor;
				CODE_SIGN_STYLE = Automatic;
				INFOPLIST_FILE = Calculator/Info.plist;
				LD_RUNPATH_SEARCH_PATHS = (
					"$(inherited)",
					"@executable_path/Frameworks",
				);
				PRODUCT_BUNDLE_IDENTIFIER = com.Calc.omi.Calculator;
				PRODUCT_NAME = "$(TARGET_NAME)";
				SWIFT_VERSION = 5.0;
				TARGETED_DEVICE_FAMILY = "1,2";
			};
			name = Release;
		};
/* End XCBuildConfiguration section */

/* Begin XCConfigurationList section */
		8FEC6FD7275EB4B4000E6BF4 /* Build configuration list for PBXProject "Calculator" */ = {
			isa = XCConfigurationList;
			buildConfigurations = (
				8FEC6FEE275EB4B8000E6BF4 /* Debug */,
				8FEC6FEF275EB4B8000E6BF4 /* Release */,
			);
			defaultConfigurationIsVisible = 0;
			defaultConfigurationName = Release;
		};
		8FEC6FF0275EB4B8000E6BF4 /* Build configuration list for PBXNativeTarget "Calculator" */ = {
			isa = XCConfigurationList;
			buildConfigurations = (
				8FEC6FF1275EB4B8000E6BF4 /* Debug */,
				8FEC6FF2275EB4B8000E6BF4 /* Release */,
			);
			defaultConfigurationIsVisible = 0;
			defaultConfigurationName = Release;
		};
/* End XCConfigurationList section */
	};
	rootObject = 8FEC6FD4275EB4B4000E6BF4 /* Project object */;
}
